
Microsoft Visual Studio Solution File, Format Version 12.00
# Visual Studio Version 17
VisualStudioVersion = 17.4.33103.184
MinimumVisualStudioVersion = 10.0.40219.1
Project("{9A19103F-16F7-4668-BE54-9A1E7A4F7556}") = "Day01_1", "Day01_1\Day01_1.csproj", "{9281B211-3242-44D4-9264-5494DF6DC048}"
EndProject
Project("{9A19103F-16F7-4668-BE54-9A1E7A4F7556}") = "Day01_2", "Day01_2\Day01_2.csproj", "{7881DA8A-C920-458B-98CB-9137D3AEC15A}"
EndProject
Project("{9A19103F-16F7-4668-BE54-9A1E7A4F7556}") = "Day02_1", "Day02_1\Day02_1.csproj", "{D20DF193-FA6E-42A8-ABDA-DB8CC86023B9}"
EndProject
Project("{9A19103F-16F7-4668-BE54-9A1E7A4F7556}") = "Day02_2", "Day02_2\Day02_2.csproj", "{75139B1B-548C-4A86-819C-15E1EAEA6FFD}"
EndProject
Project("{9A19103F-16F7-4668-BE54-9A1E7A4F7556}") = "Day03_1", "Day03_1\Day03_1.csproj", "{85CDEB3A-ECE1-4698-BBA0-CC643FFC2A70}"
EndProject
Project("{9A19103F-16F7-4668-BE54-9A1E7A4F7556}") = "Day03_2", "Day03_2\Day03_2.csproj", "{2B94A8DC-0667-48D6-A850-C2B0AC999AFE}"
EndProject
Project("{9A19103F-16F7-4668-BE54-9A1E7A4F7556}") = "Day04_1", "Day04_1\Day04_1.csproj", "{A9E470F1-2CE6-4D8F-863F-E60C2F5947BD}"
EndProject
Project("{9A19103F-16F7-4668-BE54-9A1E7A4F7556}") = "Day04_2", "Day04_2\Day04_2.csproj", "{A6A5D5F9-34E1-4950-923F-71E101E88540}"
EndProject
Project("{9A19103F-16F7-4668-BE54-9A1E7A4F7556}") = "Day05_1", "Day05_1\Day05_1.csproj", "{D7A53373-2EAA-48FE-A45B-01312F868B86}"
EndProject
Project("{9A19103F-16F7-4668-BE54-9A1E7A4F7556}") = "Day05_2", "Day05_2\Day05_2.csproj", "{9172691A-97CE-4B2F-AE2F-1210B744F21B}"
EndProject
Project("{9A19103F-16F7-4668-BE54-9A1E7A4F7556}") = "Day06_1", "Day06_1\Day06_1.csproj", "{F38BBD20-16C3-46F6-97B5-854A0F8FB4FF}"
EndProject
Project("{9A19103F-16F7-4668-BE54-9A1E7A4F7556}") = "Day06_2", "Day06_2\Day06_2.csproj", "{9ED324A8-FA4A-4073-8219-3F6A2C342A4C}"
EndProject
Project("{9A19103F-16F7-4668-BE54-9A1E7A4F7556}") = "Day07_1", "Day07_1\Day07_1.csproj", "{0DF04309-8CBC-4C33-AEF8-FD77630881E0}"
EndProject
Project("{9A19103F-16F7-4668-BE54-9A1E7A4F7556}") = "Day07_2", "Day07_2\Day07_2.csproj", "{7335689D-18C3-4E14-B0E8-194797DB6167}"
EndProject
Project("{9A19103F-16F7-4668-BE54-9A1E7A4F7556}") = "Day08_1", "Day08_1\Day08_1.csproj", "{4B9A3FED-3C37-449C-A447-D98F3DCA105D}"
EndProject
Project("{9A19103F-16F7-4668-BE54-9A1E7A4F7556}") = "Day08_2", "Day08_2\Day08_2.csproj", "{6358356A-4596-4621-8257-291AB0F0D494}"
EndProject
Project("{9A19103F-16F7-4668-BE54-9A1E7A4F7556}") = "Day09_1", "Day09_1\Day09_1.csproj", "{B3585EF0-785A-4C0D-A696-56A3BA40E979}"
EndProject
Project("{9A19103F-16F7-4668-BE54-9A1E7A4F7556}") = "Day09_2", "Day09_2\Day09_2.csproj", "{FC5DDC18-EA11-4D6D-A9CB-AE97F8FAC2D9}"
EndProject
Global
	GlobalSection(SolutionConfigurationPlatforms) = preSolution
		Debug|Any CPU = Debug|Any CPU
		Release|Any CPU = Release|Any CPU
	EndGlobalSection
	GlobalSection(ProjectConfigurationPlatforms) = postSolution
		{9281B211-3242-44D4-9264-5494DF6DC048}.Debug|Any CPU.ActiveCfg = Debug|Any CPU
		{9281B211-3242-44D4-9264-5494DF6DC048}.Debug|Any CPU.Build.0 = Debug|Any CPU
		{9281B211-3242-44D4-9264-5494DF6DC048}.Release|Any CPU.ActiveCfg = Release|Any CPU
		{9281B211-3242-44D4-9264-5494DF6DC048}.Release|Any CPU.Build.0 = Release|Any CPU
		{7881DA8A-C920-458B-98CB-9137D3AEC15A}.Debug|Any CPU.ActiveCfg = Debug|Any CPU
		{7881DA8A-C920-458B-98CB-9137D3AEC15A}.Debug|Any CPU.Build.0 = Debug|Any CPU
		{7881DA8A-C920-458B-98CB-9137D3AEC15A}.Release|Any CPU.ActiveCfg = Release|Any CPU
		{7881DA8A-C920-458B-98CB-9137D3AEC15A}.Release|Any CPU.Build.0 = Release|Any CPU
		{D20DF193-FA6E-42A8-ABDA-DB8CC86023B9}.Debug|Any CPU.ActiveCfg = Debug|Any CPU
		{D20DF193-FA6E-42A8-ABDA-DB8CC86023B9}.Debug|Any CPU.Build.0 = Debug|Any CPU
		{D20DF193-FA6E-42A8-ABDA-DB8CC86023B9}.Release|Any CPU.ActiveCfg = Release|Any CPU
		{D20DF193-FA6E-42A8-ABDA-DB8CC86023B9}.Release|Any CPU.Build.0 = Release|Any CPU
		{75139B1B-548C-4A86-819C-15E1EAEA6FFD}.Debug|Any CPU.ActiveCfg = Debug|Any CPU
		{75139B1B-548C-4A86-819C-15E1EAEA6FFD}.Debug|Any CPU.Build.0 = Debug|Any CPU
		{75139B1B-548C-4A86-819C-15E1EAEA6FFD}.Release|Any CPU.ActiveCfg = Release|Any CPU
		{75139B1B-548C-4A86-819C-15E1EAEA6FFD}.Release|Any CPU.Build.0 = Release|Any CPU
		{85CDEB3A-ECE1-4698-BBA0-CC643FFC2A70}.Debug|Any CPU.ActiveCfg = Debug|Any CPU
		{85CDEB3A-ECE1-4698-BBA0-CC643FFC2A70}.Debug|Any CPU.Build.0 = Debug|Any CPU
		{85CDEB3A-ECE1-4698-BBA0-CC643FFC2A70}.Release|Any CPU.ActiveCfg = Release|Any CPU
		{85CDEB3A-ECE1-4698-BBA0-CC643FFC2A70}.Release|Any CPU.Build.0 = Release|Any CPU
		{2B94A8DC-0667-48D6-A850-C2B0AC999AFE}.Debug|Any CPU.ActiveCfg = Debug|Any CPU
		{2B94A8DC-0667-48D6-A850-C2B0AC999AFE}.Debug|Any CPU.Build.0 = Debug|Any CPU
		{2B94A8DC-0667-48D6-A850-C2B0AC999AFE}.Release|Any CPU.ActiveCfg = Release|Any CPU
		{2B94A8DC-0667-48D6-A850-C2B0AC999AFE}.Release|Any CPU.Build.0 = Release|Any CPU
		{A9E470F1-2CE6-4D8F-863F-E60C2F5947BD}.Debug|Any CPU.ActiveCfg = Debug|Any CPU
		{A9E470F1-2CE6-4D8F-863F-E60C2F5947BD}.Debug|Any CPU.Build.0 = Debug|Any CPU
		{A9E470F1-2CE6-4D8F-863F-E60C2F5947BD}.Release|Any CPU.ActiveCfg = Release|Any CPU
		{A9E470F1-2CE6-4D8F-863F-E60C2F5947BD}.Release|Any CPU.Build.0 = Release|Any CPU
		{A6A5D5F9-34E1-4950-923F-71E101E88540}.Debug|Any CPU.ActiveCfg = Debug|Any CPU
		{A6A5D5F9-34E1-4950-923F-71E101E88540}.Debug|Any CPU.Build.0 = Debug|Any CPU
		{A6A5D5F9-34E1-4950-923F-71E101E88540}.Release|Any CPU.ActiveCfg = Release|Any CPU
		{A6A5D5F9-34E1-4950-923F-71E101E88540}.Release|Any CPU.Build.0 = Release|Any CPU
		{D7A53373-2EAA-48FE-A45B-01312F868B86}.Debug|Any CPU.ActiveCfg = Debug|Any CPU
		{D7A53373-2EAA-48FE-A45B-01312F868B86}.Debug|Any CPU.Build.0 = Debug|Any CPU
		{D7A53373-2EAA-48FE-A45B-01312F868B86}.Release|Any CPU.ActiveCfg = Release|Any CPU
		{D7A53373-2EAA-48FE-A45B-01312F868B86}.Release|Any CPU.Build.0 = Release|Any CPU
		{9172691A-97CE-4B2F-AE2F-1210B744F21B}.Debug|Any CPU.ActiveCfg = Debug|Any CPU
		{9172691A-97CE-4B2F-AE2F-1210B744F21B}.Debug|Any CPU.Build.0 = Debug|Any CPU
		{9172691A-97CE-4B2F-AE2F-1210B744F21B}.Release|Any CPU.ActiveCfg = Release|Any CPU
		{9172691A-97CE-4B2F-AE2F-1210B744F21B}.Release|Any CPU.Build.0 = Release|Any CPU
		{F38BBD20-16C3-46F6-97B5-854A0F8FB4FF}.Debug|Any CPU.ActiveCfg = Debug|Any CPU
		{F38BBD20-16C3-46F6-97B5-854A0F8FB4FF}.Debug|Any CPU.Build.0 = Debug|Any CPU
		{F38BBD20-16C3-46F6-97B5-854A0F8FB4FF}.Release|Any CPU.ActiveCfg = Release|Any CPU
		{F38BBD20-16C3-46F6-97B5-854A0F8FB4FF}.Release|Any CPU.Build.0 = Release|Any CPU
		{9ED324A8-FA4A-4073-8219-3F6A2C342A4C}.Debug|Any CPU.ActiveCfg = Debug|Any CPU
		{9ED324A8-FA4A-4073-8219-3F6A2C342A4C}.Debug|Any CPU.Build.0 = Debug|Any CPU
		{9ED324A8-FA4A-4073-8219-3F6A2C342A4C}.Release|Any CPU.ActiveCfg = Release|Any CPU
		{9ED324A8-FA4A-4073-8219-3F6A2C342A4C}.Release|Any CPU.Build.0 = Release|Any CPU
		{0DF04309-8CBC-4C33-AEF8-FD77630881E0}.Debug|Any CPU.ActiveCfg = Debug|Any CPU
		{0DF04309-8CBC-4C33-AEF8-FD77630881E0}.Debug|Any CPU.Build.0 = Debug|Any CPU
		{0DF04309-8CBC-4C33-AEF8-FD77630881E0}.Release|Any CPU.ActiveCfg = Release|Any CPU
		{0DF04309-8CBC-4C33-AEF8-FD77630881E0}.Release|Any CPU.Build.0 = Release|Any CPU
		{7335689D-18C3-4E14-B0E8-194797DB6167}.Debug|Any CPU.ActiveCfg = Debug|Any CPU
		{7335689D-18C3-4E14-B0E8-194797DB6167}.Debug|Any CPU.Build.0 = Debug|Any CPU
		{7335689D-18C3-4E14-B0E8-194797DB6167}.Release|Any CPU.ActiveCfg = Release|Any CPU
		{7335689D-18C3-4E14-B0E8-194797DB6167}.Release|Any CPU.Build.0 = Release|Any CPU
		{4B9A3FED-3C37-449C-A447-D98F3DCA105D}.Debug|Any CPU.ActiveCfg = Debug|Any CPU
		{4B9A3FED-3C37-449C-A447-D98F3DCA105D}.Debug|Any CPU.Build.0 = Debug|Any CPU
		{4B9A3FED-3C37-449C-A447-D98F3DCA105D}.Release|Any CPU.ActiveCfg = Release|Any CPU
		{4B9A3FED-3C37-449C-A447-D98F3DCA105D}.Release|Any CPU.Build.0 = Release|Any CPU
		{6358356A-4596-4621-8257-291AB0F0D494}.Debug|Any CPU.ActiveCfg = Debug|Any CPU
		{6358356A-4596-4621-8257-291AB0F0D494}.Debug|Any CPU.Build.0 = Debug|Any CPU
		{6358356A-4596-4621-8257-291AB0F0D494}.Release|Any CPU.ActiveCfg = Release|Any CPU
		{6358356A-4596-4621-8257-291AB0F0D494}.Release|Any CPU.Build.0 = Release|Any CPU
		{B3585EF0-785A-4C0D-A696-56A3BA40E979}.Debug|Any CPU.ActiveCfg = Debug|Any CPU
		{B3585EF0-785A-4C0D-A696-56A3BA40E979}.Debug|Any CPU.Build.0 = Debug|Any CPU
		{B3585EF0-785A-4C0D-A696-56A3BA40E979}.Release|Any CPU.ActiveCfg = Release|Any CPU
		{B3585EF0-785A-4C0D-A696-56A3BA40E979}.Release|Any CPU.Build.0 = Release|Any CPU
		{FC5DDC18-EA11-4D6D-A9CB-AE97F8FAC2D9}.Debug|Any CPU.ActiveCfg = Debug|Any CPU
		{FC5DDC18-EA11-4D6D-A9CB-AE97F8FAC2D9}.Debug|Any CPU.Build.0 = Debug|Any CPU
		{FC5DDC18-EA11-4D6D-A9CB-AE97F8FAC2D9}.Release|Any CPU.ActiveCfg = Release|Any CPU
		{FC5DDC18-EA11-4D6D-A9CB-AE97F8FAC2D9}.Release|Any CPU.Build.0 = Release|Any CPU
	EndGlobalSection
	GlobalSection(SolutionProperties) = preSolution
		HideSolutionNode = FALSE
	EndGlobalSection
	GlobalSection(ExtensibilityGlobals) = postSolution
		SolutionGuid = {52D8E5D2-F247-4A89-9B55-AB316F1110C4}
	EndGlobalSection
EndGlobal
